// !$*UTF8*$!
{
	archiveVersion = 1;
	classes = {
	};
	objectVersion = 56;
	objects = {

/* Begin PBXBuildFile section */
		265BC0008FC3FBA43A379908 /* Pods_GitHubApplication.framework in Frameworks */ = {isa = PBXBuildFile; fileRef = D77E0CB80B356910554BABF9 /* Pods_GitHubApplication.framework */; };
		9C80235C2A8BFEAC003098DE /* AppDelegate.swift in Sources */ = {isa = PBXBuildFile; fileRef = 9C80235B2A8BFEAC003098DE /* AppDelegate.swift */; };
		9C80235E2A8BFEAC003098DE /* SceneDelegate.swift in Sources */ = {isa = PBXBuildFile; fileRef = 9C80235D2A8BFEAC003098DE /* SceneDelegate.swift */; };
		9C8023602A8BFEAC003098DE /* ViewController.swift in Sources */ = {isa = PBXBuildFile; fileRef = 9C80235F2A8BFEAC003098DE /* ViewController.swift */; };
		9C8023632A8BFEAC003098DE /* Main.storyboard in Resources */ = {isa = PBXBuildFile; fileRef = 9C8023612A8BFEAC003098DE /* Main.storyboard */; };
		9C8023662A8BFEAC003098DE /* GitHubApplication.xcdatamodeld in Sources */ = {isa = PBXBuildFile; fileRef = 9C8023642A8BFEAC003098DE /* GitHubApplication.xcdatamodeld */; };
		9C8023682A8BFEAC003098DE /* Assets.xcassets in Resources */ = {isa = PBXBuildFile; fileRef = 9C8023672A8BFEAC003098DE /* Assets.xcassets */; };
		9C80236B2A8BFEAC003098DE /* LaunchScreen.storyboard in Resources */ = {isa = PBXBuildFile; fileRef = 9C8023692A8BFEAC003098DE /* LaunchScreen.storyboard */; };
		9C8023762A8BFEAC003098DE /* GitHubApplicationTests.swift in Sources */ = {isa = PBXBuildFile; fileRef = 9C8023752A8BFEAC003098DE /* GitHubApplicationTests.swift */; };
		9C8023802A8BFEAD003098DE /* GitHubApplicationUITests.swift in Sources */ = {isa = PBXBuildFile; fileRef = 9C80237F2A8BFEAD003098DE /* GitHubApplicationUITests.swift */; };
		9C8023822A8BFEAD003098DE /* GitHubApplicationUITestsLaunchTests.swift in Sources */ = {isa = PBXBuildFile; fileRef = 9C8023812A8BFEAD003098DE /* GitHubApplicationUITestsLaunchTests.swift */; };
		9CD879952A8C014000394225 /* GFFollowerItemVC.swift in Sources */ = {isa = PBXBuildFile; fileRef = 9CD879812A8C014000394225 /* GFFollowerItemVC.swift */; };
		9CD879962A8C014000394225 /* GFRepoItemVC.swift in Sources */ = {isa = PBXBuildFile; fileRef = 9CD879822A8C014000394225 /* GFRepoItemVC.swift */; };
		9CD879972A8C014000394225 /* GFItemInfoVC.swift in Sources */ = {isa = PBXBuildFile; fileRef = 9CD879832A8C014000394225 /* GFItemInfoVC.swift */; };
		9CD879982A8C014000394225 /* GFAlertVC.swift in Sources */ = {isa = PBXBuildFile; fileRef = 9CD879842A8C014000394225 /* GFAlertVC.swift */; };
		9CD879992A8C014000394225 /* GFDataLoadingVC.swift in Sources */ = {isa = PBXBuildFile; fileRef = 9CD879852A8C014000394225 /* GFDataLoadingVC.swift */; };
		9CD8799A2A8C014000394225 /* GFUserInfoHeaderVC.swift in Sources */ = {isa = PBXBuildFile; fileRef = 9CD879862A8C014000394225 /* GFUserInfoHeaderVC.swift */; };
		9CD8799B2A8C014000394225 /* GFTextField.swift in Sources */ = {isa = PBXBuildFile; fileRef = 9CD879882A8C014000394225 /* GFTextField.swift */; };
		9CD8799C2A8C014000394225 /* GFButton.swift in Sources */ = {isa = PBXBuildFile; fileRef = 9CD8798A2A8C014000394225 /* GFButton.swift */; };
		9CD8799D2A8C014000394225 /* GFAvatarImageVIew.swift in Sources */ = {isa = PBXBuildFile; fileRef = 9CD8798C2A8C014000394225 /* GFAvatarImageVIew.swift */; };
		9CD8799E2A8C014000394225 /* GFAlertContainerView.swift in Sources */ = {isa = PBXBuildFile; fileRef = 9CD8798E2A8C014000394225 /* GFAlertContainerView.swift */; };
		9CD8799F2A8C014000394225 /* GFItemInfoView.swift in Sources */ = {isa = PBXBuildFile; fileRef = 9CD8798F2A8C014000394225 /* GFItemInfoView.swift */; };
		9CD879A02A8C014000394225 /* GFEmptyStateView.swift in Sources */ = {isa = PBXBuildFile; fileRef = 9CD879902A8C014000394225 /* GFEmptyStateView.swift */; };
		9CD879A12A8C014000394225 /* GFSecondaryTitleLabel.swift in Sources */ = {isa = PBXBuildFile; fileRef = 9CD879922A8C014000394225 /* GFSecondaryTitleLabel.swift */; };
		9CD879A22A8C014000394225 /* GFTitleLabel.swift in Sources */ = {isa = PBXBuildFile; fileRef = 9CD879932A8C014000394225 /* GFTitleLabel.swift */; };
		9CD879A32A8C014000394225 /* GFBodyLabel.swift in Sources */ = {isa = PBXBuildFile; fileRef = 9CD879942A8C014000394225 /* GFBodyLabel.swift */; };
		9CD879A92A8C015800394225 /* UITableViewExtension.swift in Sources */ = {isa = PBXBuildFile; fileRef = 9CD879A52A8C015700394225 /* UITableViewExtension.swift */; };
		9CD879AA2A8C015800394225 /* UIViewExtension.swift in Sources */ = {isa = PBXBuildFile; fileRef = 9CD879A62A8C015700394225 /* UIViewExtension.swift */; };
		9CD879AB2A8C015800394225 /* UIViewControllerExtensions.swift in Sources */ = {isa = PBXBuildFile; fileRef = 9CD879A72A8C015700394225 /* UIViewControllerExtensions.swift */; };
		9CD879AC2A8C015800394225 /* DateExtension.swift in Sources */ = {isa = PBXBuildFile; fileRef = 9CD879A82A8C015700394225 /* DateExtension.swift */; };
		9CD879B02A8C016600394225 /* Constants.swift in Sources */ = {isa = PBXBuildFile; fileRef = 9CD879AE2A8C016600394225 /* Constants.swift */; };
		9CD879B12A8C016600394225 /* GFError.swift in Sources */ = {isa = PBXBuildFile; fileRef = 9CD879AF2A8C016600394225 /* GFError.swift */; };
		C56452474690BAB21ED5A962 /* Pods_GitHubApplicationTests.framework in Frameworks */ = {isa = PBXBuildFile; fileRef = 5CE4AE5BEEE277B875F3CCF6 /* Pods_GitHubApplicationTests.framework */; };
/* End PBXBuildFile section */

/* Begin PBXContainerItemProxy section */
		9C8023722A8BFEAC003098DE /* PBXContainerItemProxy */ = {
			isa = PBXContainerItemProxy;
			containerPortal = 9C8023502A8BFEAC003098DE /* Project object */;
			proxyType = 1;
			remoteGlobalIDString = 9C8023572A8BFEAC003098DE;
			remoteInfo = GitHubApplication;
		};
		9C80237C2A8BFEAD003098DE /* PBXContainerItemProxy */ = {
			isa = PBXContainerItemProxy;
			containerPortal = 9C8023502A8BFEAC003098DE /* Project object */;
			proxyType = 1;
			remoteGlobalIDString = 9C8023572A8BFEAC003098DE;
			remoteInfo = GitHubApplication;
		};
/* End PBXContainerItemProxy section */

/* Begin PBXFileReference section */
		01FA9F726A0DD87E7B3BDC32 /* Pods-GitHubApplicationTests.release.xcconfig */ = {isa = PBXFileReference; includeInIndex = 1; lastKnownFileType = text.xcconfig; name = "Pods-GitHubApplicationTests.release.xcconfig"; path = "Target Support Files/Pods-GitHubApplicationTests/Pods-GitHubApplicationTests.release.xcconfig"; sourceTree = "<group>"; };
		0E5E3E42B7ECA23F41033145 /* Pods-GitHubApplication.debug.xcconfig */ = {isa = PBXFileReference; includeInIndex = 1; lastKnownFileType = text.xcconfig; name = "Pods-GitHubApplication.debug.xcconfig"; path = "Target Support Files/Pods-GitHubApplication/Pods-GitHubApplication.debug.xcconfig"; sourceTree = "<group>"; };
		10F05ACCF2AD15B9322A575D /* Pods-GitHubApplicationTests.debug.xcconfig */ = {isa = PBXFileReference; includeInIndex = 1; lastKnownFileType = text.xcconfig; name = "Pods-GitHubApplicationTests.debug.xcconfig"; path = "Target Support Files/Pods-GitHubApplicationTests/Pods-GitHubApplicationTests.debug.xcconfig"; sourceTree = "<group>"; };
		5CE4AE5BEEE277B875F3CCF6 /* Pods_GitHubApplicationTests.framework */ = {isa = PBXFileReference; explicitFileType = wrapper.framework; includeInIndex = 0; path = Pods_GitHubApplicationTests.framework; sourceTree = BUILT_PRODUCTS_DIR; };
		9C8023582A8BFEAC003098DE /* GitHubApplication.app */ = {isa = PBXFileReference; explicitFileType = wrapper.application; includeInIndex = 0; path = GitHubApplication.app; sourceTree = BUILT_PRODUCTS_DIR; };
		9C80235B2A8BFEAC003098DE /* AppDelegate.swift */ = {isa = PBXFileReference; lastKnownFileType = sourcecode.swift; path = AppDelegate.swift; sourceTree = "<group>"; };
		9C80235D2A8BFEAC003098DE /* SceneDelegate.swift */ = {isa = PBXFileReference; lastKnownFileType = sourcecode.swift; path = SceneDelegate.swift; sourceTree = "<group>"; };
		9C80235F2A8BFEAC003098DE /* ViewController.swift */ = {isa = PBXFileReference; lastKnownFileType = sourcecode.swift; path = ViewController.swift; sourceTree = "<group>"; };
		9C8023622A8BFEAC003098DE /* Base */ = {isa = PBXFileReference; lastKnownFileType = file.storyboard; name = Base; path = Base.lproj/Main.storyboard; sourceTree = "<group>"; };
		9C8023652A8BFEAC003098DE /* GitHubApplication.xcdatamodel */ = {isa = PBXFileReference; lastKnownFileType = wrapper.xcdatamodel; path = GitHubApplication.xcdatamodel; sourceTree = "<group>"; };
		9C8023672A8BFEAC003098DE /* Assets.xcassets */ = {isa = PBXFileReference; lastKnownFileType = folder.assetcatalog; path = Assets.xcassets; sourceTree = "<group>"; };
		9C80236A2A8BFEAC003098DE /* Base */ = {isa = PBXFileReference; lastKnownFileType = file.storyboard; name = Base; path = Base.lproj/LaunchScreen.storyboard; sourceTree = "<group>"; };
		9C80236C2A8BFEAC003098DE /* Info.plist */ = {isa = PBXFileReference; lastKnownFileType = text.plist.xml; path = Info.plist; sourceTree = "<group>"; };
		9C8023712A8BFEAC003098DE /* GitHubApplicationTests.xctest */ = {isa = PBXFileReference; explicitFileType = wrapper.cfbundle; includeInIndex = 0; path = GitHubApplicationTests.xctest; sourceTree = BUILT_PRODUCTS_DIR; };
		9C8023752A8BFEAC003098DE /* GitHubApplicationTests.swift */ = {isa = PBXFileReference; lastKnownFileType = sourcecode.swift; path = GitHubApplicationTests.swift; sourceTree = "<group>"; };
		9C80237B2A8BFEAD003098DE /* GitHubApplicationUITests.xctest */ = {isa = PBXFileReference; explicitFileType = wrapper.cfbundle; includeInIndex = 0; path = GitHubApplicationUITests.xctest; sourceTree = BUILT_PRODUCTS_DIR; };
		9C80237F2A8BFEAD003098DE /* GitHubApplicationUITests.swift */ = {isa = PBXFileReference; lastKnownFileType = sourcecode.swift; path = GitHubApplicationUITests.swift; sourceTree = "<group>"; };
		9C8023812A8BFEAD003098DE /* GitHubApplicationUITestsLaunchTests.swift */ = {isa = PBXFileReference; lastKnownFileType = sourcecode.swift; path = GitHubApplicationUITestsLaunchTests.swift; sourceTree = "<group>"; };
		9CD879812A8C014000394225 /* GFFollowerItemVC.swift */ = {isa = PBXFileReference; fileEncoding = 4; lastKnownFileType = sourcecode.swift; path = GFFollowerItemVC.swift; sourceTree = "<group>"; };
		9CD879822A8C014000394225 /* GFRepoItemVC.swift */ = {isa = PBXFileReference; fileEncoding = 4; lastKnownFileType = sourcecode.swift; path = GFRepoItemVC.swift; sourceTree = "<group>"; };
		9CD879832A8C014000394225 /* GFItemInfoVC.swift */ = {isa = PBXFileReference; fileEncoding = 4; lastKnownFileType = sourcecode.swift; path = GFItemInfoVC.swift; sourceTree = "<group>"; };
		9CD879842A8C014000394225 /* GFAlertVC.swift */ = {isa = PBXFileReference; fileEncoding = 4; lastKnownFileType = sourcecode.swift; path = GFAlertVC.swift; sourceTree = "<group>"; };
		9CD879852A8C014000394225 /* GFDataLoadingVC.swift */ = {isa = PBXFileReference; fileEncoding = 4; lastKnownFileType = sourcecode.swift; path = GFDataLoadingVC.swift; sourceTree = "<group>"; };
		9CD879862A8C014000394225 /* GFUserInfoHeaderVC.swift */ = {isa = PBXFileReference; fileEncoding = 4; lastKnownFileType = sourcecode.swift; path = GFUserInfoHeaderVC.swift; sourceTree = "<group>"; };
		9CD879882A8C014000394225 /* GFTextField.swift */ = {isa = PBXFileReference; fileEncoding = 4; lastKnownFileType = sourcecode.swift; path = GFTextField.swift; sourceTree = "<group>"; };
		9CD8798A2A8C014000394225 /* GFButton.swift */ = {isa = PBXFileReference; fileEncoding = 4; lastKnownFileType = sourcecode.swift; path = GFButton.swift; sourceTree = "<group>"; };
		9CD8798C2A8C014000394225 /* GFAvatarImageVIew.swift */ = {isa = PBXFileReference; fileEncoding = 4; lastKnownFileType = sourcecode.swift; path = GFAvatarImageVIew.swift; sourceTree = "<group>"; };
		9CD8798E2A8C014000394225 /* GFAlertContainerView.swift */ = {isa = PBXFileReference; fileEncoding = 4; lastKnownFileType = sourcecode.swift; path = GFAlertContainerView.swift; sourceTree = "<group>"; };
		9CD8798F2A8C014000394225 /* GFItemInfoView.swift */ = {isa = PBXFileReference; fileEncoding = 4; lastKnownFileType = sourcecode.swift; path = GFItemInfoView.swift; sourceTree = "<group>"; };
		9CD879902A8C014000394225 /* GFEmptyStateView.swift */ = {isa = PBXFileReference; fileEncoding = 4; lastKnownFileType = sourcecode.swift; path = GFEmptyStateView.swift; sourceTree = "<group>"; };
		9CD879922A8C014000394225 /* GFSecondaryTitleLabel.swift */ = {isa = PBXFileReference; fileEncoding = 4; lastKnownFileType = sourcecode.swift; path = GFSecondaryTitleLabel.swift; sourceTree = "<group>"; };
		9CD879932A8C014000394225 /* GFTitleLabel.swift */ = {isa = PBXFileReference; fileEncoding = 4; lastKnownFileType = sourcecode.swift; path = GFTitleLabel.swift; sourceTree = "<group>"; };
		9CD879942A8C014000394225 /* GFBodyLabel.swift */ = {isa = PBXFileReference; fileEncoding = 4; lastKnownFileType = sourcecode.swift; path = GFBodyLabel.swift; sourceTree = "<group>"; };
		9CD879A52A8C015700394225 /* UITableViewExtension.swift */ = {isa = PBXFileReference; fileEncoding = 4; lastKnownFileType = sourcecode.swift; path = UITableViewExtension.swift; sourceTree = "<group>"; };
		9CD879A62A8C015700394225 /* UIViewExtension.swift */ = {isa = PBXFileReference; fileEncoding = 4; lastKnownFileType = sourcecode.swift; path = UIViewExtension.swift; sourceTree = "<group>"; };
		9CD879A72A8C015700394225 /* UIViewControllerExtensions.swift */ = {isa = PBXFileReference; fileEncoding = 4; lastKnownFileType = sourcecode.swift; path = UIViewControllerExtensions.swift; sourceTree = "<group>"; };
		9CD879A82A8C015700394225 /* DateExtension.swift */ = {isa = PBXFileReference; fileEncoding = 4; lastKnownFileType = sourcecode.swift; path = DateExtension.swift; sourceTree = "<group>"; };
		9CD879AE2A8C016600394225 /* Constants.swift */ = {isa = PBXFileReference; fileEncoding = 4; lastKnownFileType = sourcecode.swift; path = Constants.swift; sourceTree = "<group>"; };
		9CD879AF2A8C016600394225 /* GFError.swift */ = {isa = PBXFileReference; fileEncoding = 4; lastKnownFileType = sourcecode.swift; path = GFError.swift; sourceTree = "<group>"; };
		D77E0CB80B356910554BABF9 /* Pods_GitHubApplication.framework */ = {isa = PBXFileReference; explicitFileType = wrapper.framework; includeInIndex = 0; path = Pods_GitHubApplication.framework; sourceTree = BUILT_PRODUCTS_DIR; };
		F2B8AC6E653F42BF905FC960 /* Pods-GitHubApplication.release.xcconfig */ = {isa = PBXFileReference; includeInIndex = 1; lastKnownFileType = text.xcconfig; name = "Pods-GitHubApplication.release.xcconfig"; path = "Target Support Files/Pods-GitHubApplication/Pods-GitHubApplication.release.xcconfig"; sourceTree = "<group>"; };
/* End PBXFileReference section */

/* Begin PBXFrameworksBuildPhase section */
		9C8023552A8BFEAC003098DE /* Frameworks */ = {
			isa = PBXFrameworksBuildPhase;
			buildActionMask = 2147483647;
			files = (
				265BC0008FC3FBA43A379908 /* Pods_GitHubApplication.framework in Frameworks */,
			);
			runOnlyForDeploymentPostprocessing = 0;
		};
		9C80236E2A8BFEAC003098DE /* Frameworks */ = {
			isa = PBXFrameworksBuildPhase;
			buildActionMask = 2147483647;
			files = (
				C56452474690BAB21ED5A962 /* Pods_GitHubApplicationTests.framework in Frameworks */,
			);
			runOnlyForDeploymentPostprocessing = 0;
		};
		9C8023782A8BFEAD003098DE /* Frameworks */ = {
			isa = PBXFrameworksBuildPhase;
			buildActionMask = 2147483647;
			files = (
			);
			runOnlyForDeploymentPostprocessing = 0;
		};
/* End PBXFrameworksBuildPhase section */

/* Begin PBXGroup section */
		9C80234F2A8BFEAC003098DE = {
			isa = PBXGroup;
			children = (
				9C80235A2A8BFEAC003098DE /* GitHubApplication */,
				9C8023742A8BFEAC003098DE /* GitHubApplicationTests */,
				9C80237E2A8BFEAD003098DE /* GitHubApplicationUITests */,
				9C8023592A8BFEAC003098DE /* Products */,
				9DB9CCC2E9D7B6AAA2BB14F7 /* Pods */,
				BF5ABA5A71027DA0B08630D3 /* Frameworks */,
			);
			sourceTree = "<group>";
		};
		9C8023592A8BFEAC003098DE /* Products */ = {
			isa = PBXGroup;
			children = (
				9C8023582A8BFEAC003098DE /* GitHubApplication.app */,
				9C8023712A8BFEAC003098DE /* GitHubApplicationTests.xctest */,
				9C80237B2A8BFEAD003098DE /* GitHubApplicationUITests.xctest */,
			);
			name = Products;
			sourceTree = "<group>";
		};
		9C80235A2A8BFEAC003098DE /* GitHubApplication */ = {
			isa = PBXGroup;
			children = (
				9CD879AD2A8C016600394225 /* Utilities */,
				9CD879A42A8C015700394225 /* Extensions */,
				9CD8797D2A8C010500394225 /* Custom Views */,
				9CD8797C2A8C009100394225 /* Support */,
				9C80235F2A8BFEAC003098DE /* ViewController.swift */,
				9C8023642A8BFEAC003098DE /* GitHubApplication.xcdatamodeld */,
			);
			path = GitHubApplication;
			sourceTree = "<group>";
		};
		9C8023742A8BFEAC003098DE /* GitHubApplicationTests */ = {
			isa = PBXGroup;
			children = (
				9C8023752A8BFEAC003098DE /* GitHubApplicationTests.swift */,
			);
			path = GitHubApplicationTests;
			sourceTree = "<group>";
		};
		9C80237E2A8BFEAD003098DE /* GitHubApplicationUITests */ = {
			isa = PBXGroup;
			children = (
				9C80237F2A8BFEAD003098DE /* GitHubApplicationUITests.swift */,
				9C8023812A8BFEAD003098DE /* GitHubApplicationUITestsLaunchTests.swift */,
			);
			path = GitHubApplicationUITests;
			sourceTree = "<group>";
		};
		9CD8797C2A8C009100394225 /* Support */ = {
			isa = PBXGroup;
			children = (
				9C80235B2A8BFEAC003098DE /* AppDelegate.swift */,
				9C80235D2A8BFEAC003098DE /* SceneDelegate.swift */,
				9C80236C2A8BFEAC003098DE /* Info.plist */,
				9C8023672A8BFEAC003098DE /* Assets.xcassets */,
				9C8023612A8BFEAC003098DE /* Main.storyboard */,
				9C8023692A8BFEAC003098DE /* LaunchScreen.storyboard */,
			);
			path = Support;
			sourceTree = "<group>";
		};
		9CD8797D2A8C010500394225 /* Custom Views */ = {
			isa = PBXGroup;
			children = (
				9CD879892A8C014000394225 /* Buttons */,
				9CD8798B2A8C014000394225 /* ImageViews */,
				9CD879912A8C014000394225 /* Labels */,
				9CD879872A8C014000394225 /* TextFields */,
				9CD8797F2A8C014000394225 /* ViewControllers */,
				9CD8798D2A8C014000394225 /* Views */,
			);
			path = "Custom Views";
			sourceTree = "<group>";
		};
		9CD8797F2A8C014000394225 /* ViewControllers */ = {
			isa = PBXGroup;
			children = (
				9CD879802A8C014000394225 /* ItemInfoVCs */,
				9CD879842A8C014000394225 /* GFAlertVC.swift */,
				9CD879852A8C014000394225 /* GFDataLoadingVC.swift */,
				9CD879862A8C014000394225 /* GFUserInfoHeaderVC.swift */,
			);
			path = ViewControllers;
			sourceTree = "<group>";
		};
		9CD879802A8C014000394225 /* ItemInfoVCs */ = {
			isa = PBXGroup;
			children = (
				9CD879812A8C014000394225 /* GFFollowerItemVC.swift */,
				9CD879822A8C014000394225 /* GFRepoItemVC.swift */,
				9CD879832A8C014000394225 /* GFItemInfoVC.swift */,
			);
			path = ItemInfoVCs;
			sourceTree = "<group>";
		};
		9CD879872A8C014000394225 /* TextFields */ = {
			isa = PBXGroup;
			children = (
				9CD879882A8C014000394225 /* GFTextField.swift */,
			);
			path = TextFields;
			sourceTree = "<group>";
		};
		9CD879892A8C014000394225 /* Buttons */ = {
			isa = PBXGroup;
			children = (
				9CD8798A2A8C014000394225 /* GFButton.swift */,
			);
			path = Buttons;
			sourceTree = "<group>";
		};
		9CD8798B2A8C014000394225 /* ImageViews */ = {
			isa = PBXGroup;
			children = (
				9CD8798C2A8C014000394225 /* GFAvatarImageVIew.swift */,
			);
			path = ImageViews;
			sourceTree = "<group>";
		};
		9CD8798D2A8C014000394225 /* Views */ = {
			isa = PBXGroup;
			children = (
				9CD8798E2A8C014000394225 /* GFAlertContainerView.swift */,
				9CD8798F2A8C014000394225 /* GFItemInfoView.swift */,
				9CD879902A8C014000394225 /* GFEmptyStateView.swift */,
			);
			path = Views;
			sourceTree = "<group>";
		};
		9CD879912A8C014000394225 /* Labels */ = {
			isa = PBXGroup;
			children = (
				9CD879922A8C014000394225 /* GFSecondaryTitleLabel.swift */,
				9CD879932A8C014000394225 /* GFTitleLabel.swift */,
				9CD879942A8C014000394225 /* GFBodyLabel.swift */,
			);
			path = Labels;
			sourceTree = "<group>";
		};
		9CD879A42A8C015700394225 /* Extensions */ = {
			isa = PBXGroup;
			children = (
				9CD879A52A8C015700394225 /* UITableViewExtension.swift */,
				9CD879A62A8C015700394225 /* UIViewExtension.swift */,
				9CD879A72A8C015700394225 /* UIViewControllerExtensions.swift */,
				9CD879A82A8C015700394225 /* DateExtension.swift */,
			);
			path = Extensions;
			sourceTree = "<group>";
		};
		9CD879AD2A8C016600394225 /* Utilities */ = {
			isa = PBXGroup;
			children = (
				9CD879AE2A8C016600394225 /* Constants.swift */,
				9CD879AF2A8C016600394225 /* GFError.swift */,
			);
			path = Utilities;
			sourceTree = "<group>";
		};
		9DB9CCC2E9D7B6AAA2BB14F7 /* Pods */ = {
			isa = PBXGroup;
			children = (
				0E5E3E42B7ECA23F41033145 /* Pods-GitHubApplication.debug.xcconfig */,
				F2B8AC6E653F42BF905FC960 /* Pods-GitHubApplication.release.xcconfig */,
				10F05ACCF2AD15B9322A575D /* Pods-GitHubApplicationTests.debug.xcconfig */,
				01FA9F726A0DD87E7B3BDC32 /* Pods-GitHubApplicationTests.release.xcconfig */,
			);
			path = Pods;
			sourceTree = "<group>";
		};
		BF5ABA5A71027DA0B08630D3 /* Frameworks */ = {
			isa = PBXGroup;
			children = (
				D77E0CB80B356910554BABF9 /* Pods_GitHubApplication.framework */,
				5CE4AE5BEEE277B875F3CCF6 /* Pods_GitHubApplicationTests.framework */,
			);
			name = Frameworks;
			sourceTree = "<group>";
		};
/* End PBXGroup section */

/* Begin PBXNativeTarget section */
		9C8023572A8BFEAC003098DE /* GitHubApplication */ = {
			isa = PBXNativeTarget;
			buildConfigurationList = 9C8023852A8BFEAD003098DE /* Build configuration list for PBXNativeTarget "GitHubApplication" */;
			buildPhases = (
				E046D3D3C1487E3D63177679 /* [CP] Check Pods Manifest.lock */,
				9C8023542A8BFEAC003098DE /* Sources */,
				9C8023552A8BFEAC003098DE /* Frameworks */,
				9C8023562A8BFEAC003098DE /* Resources */,
				BDEC5DF2B1F8DB0054A4FD80 /* [CP] Embed Pods Frameworks */,
			);
			buildRules = (
			);
			dependencies = (
			);
			name = GitHubApplication;
			productName = GitHubApplication;
			productReference = 9C8023582A8BFEAC003098DE /* GitHubApplication.app */;
			productType = "com.apple.product-type.application";
		};
		9C8023702A8BFEAC003098DE /* GitHubApplicationTests */ = {
			isa = PBXNativeTarget;
			buildConfigurationList = 9C8023882A8BFEAD003098DE /* Build configuration list for PBXNativeTarget "GitHubApplicationTests" */;
			buildPhases = (
				882AECF60FE5773DB23DCD8C /* [CP] Check Pods Manifest.lock */,
				9C80236D2A8BFEAC003098DE /* Sources */,
				9C80236E2A8BFEAC003098DE /* Frameworks */,
				9C80236F2A8BFEAC003098DE /* Resources */,
				AA1C990CD91BA1E27BABAAF8 /* [CP] Embed Pods Frameworks */,
			);
			buildRules = (
			);
			dependencies = (
				9C8023732A8BFEAC003098DE /* PBXTargetDependency */,
			);
			name = GitHubApplicationTests;
			productName = GitHubApplicationTests;
			productReference = 9C8023712A8BFEAC003098DE /* GitHubApplicationTests.xctest */;
			productType = "com.apple.product-type.bundle.unit-test";
		};
		9C80237A2A8BFEAD003098DE /* GitHubApplicationUITests */ = {
			isa = PBXNativeTarget;
			buildConfigurationList = 9C80238B2A8BFEAD003098DE /* Build configuration list for PBXNativeTarget "GitHubApplicationUITests" */;
			buildPhases = (
				9C8023772A8BFEAD003098DE /* Sources */,
				9C8023782A8BFEAD003098DE /* Frameworks */,
				9C8023792A8BFEAD003098DE /* Resources */,
			);
			buildRules = (
			);
			dependencies = (
				9C80237D2A8BFEAD003098DE /* PBXTargetDependency */,
			);
			name = GitHubApplicationUITests;
			productName = GitHubApplicationUITests;
			productReference = 9C80237B2A8BFEAD003098DE /* GitHubApplicationUITests.xctest */;
			productType = "com.apple.product-type.bundle.ui-testing";
		};
/* End PBXNativeTarget section */

/* Begin PBXProject section */
		9C8023502A8BFEAC003098DE /* Project object */ = {
			isa = PBXProject;
			attributes = {
				BuildIndependentTargetsInParallel = 1;
				LastSwiftUpdateCheck = 1420;
				LastUpgradeCheck = 1420;
				TargetAttributes = {
					9C8023572A8BFEAC003098DE = {
						CreatedOnToolsVersion = 14.2;
					};
					9C8023702A8BFEAC003098DE = {
						CreatedOnToolsVersion = 14.2;
						TestTargetID = 9C8023572A8BFEAC003098DE;
					};
					9C80237A2A8BFEAD003098DE = {
						CreatedOnToolsVersion = 14.2;
						TestTargetID = 9C8023572A8BFEAC003098DE;
					};
				};
			};
			buildConfigurationList = 9C8023532A8BFEAC003098DE /* Build configuration list for PBXProject "GitHubApplication" */;
			compatibilityVersion = "Xcode 14.0";
			developmentRegion = en;
			hasScannedForEncodings = 0;
			knownRegions = (
				en,
				Base,
			);
			mainGroup = 9C80234F2A8BFEAC003098DE;
			productRefGroup = 9C8023592A8BFEAC003098DE /* Products */;
			projectDirPath = "";
			projectRoot = "";
			targets = (
				9C8023572A8BFEAC003098DE /* GitHubApplication */,
				9C8023702A8BFEAC003098DE /* GitHubApplicationTests */,
				9C80237A2A8BFEAD003098DE /* GitHubApplicationUITests */,
			);
		};
/* End PBXProject section */

/* Begin PBXResourcesBuildPhase section */
		9C8023562A8BFEAC003098DE /* Resources */ = {
			isa = PBXResourcesBuildPhase;
			buildActionMask = 2147483647;
			files = (
				9C80236B2A8BFEAC003098DE /* LaunchScreen.storyboard in Resources */,
				9C8023682A8BFEAC003098DE /* Assets.xcassets in Resources */,
				9C8023632A8BFEAC003098DE /* Main.storyboard in Resources */,
			);
			runOnlyForDeploymentPostprocessing = 0;
		};
		9C80236F2A8BFEAC003098DE /* Resources */ = {
			isa = PBXResourcesBuildPhase;
			buildActionMask = 2147483647;
			files = (
			);
			runOnlyForDeploymentPostprocessing = 0;
		};
		9C8023792A8BFEAD003098DE /* Resources */ = {
			isa = PBXResourcesBuildPhase;
			buildActionMask = 2147483647;
			files = (
			);
			runOnlyForDeploymentPostprocessing = 0;
		};
/* End PBXResourcesBuildPhase section */

/* Begin PBXShellScriptBuildPhase section */
		882AECF60FE5773DB23DCD8C /* [CP] Check Pods Manifest.lock */ = {
			isa = PBXShellScriptBuildPhase;
			buildActionMask = 2147483647;
			files = (
			);
			inputFileListPaths = (
			);
			inputPaths = (
				"${PODS_PODFILE_DIR_PATH}/Podfile.lock",
				"${PODS_ROOT}/Manifest.lock",
			);
			name = "[CP] Check Pods Manifest.lock";
			outputFileListPaths = (
			);
			outputPaths = (
				"$(DERIVED_FILE_DIR)/Pods-GitHubApplicationTests-checkManifestLockResult.txt",
			);
			runOnlyForDeploymentPostprocessing = 0;
			shellPath = /bin/sh;
			shellScript = "diff \"${PODS_PODFILE_DIR_PATH}/Podfile.lock\" \"${PODS_ROOT}/Manifest.lock\" > /dev/null\nif [ $? != 0 ] ; then\n    # print error to STDERR\n    echo \"error: The sandbox is not in sync with the Podfile.lock. Run 'pod install' or update your CocoaPods installation.\" >&2\n    exit 1\nfi\n# This output is used by Xcode 'outputs' to avoid re-running this script phase.\necho \"SUCCESS\" > \"${SCRIPT_OUTPUT_FILE_0}\"\n";
			showEnvVarsInLog = 0;
		};
		AA1C990CD91BA1E27BABAAF8 /* [CP] Embed Pods Frameworks */ = {
			isa = PBXShellScriptBuildPhase;
			buildActionMask = 2147483647;
			files = (
			);
			inputFileListPaths = (
				"${PODS_ROOT}/Target Support Files/Pods-GitHubApplicationTests/Pods-GitHubApplicationTests-frameworks-${CONFIGURATION}-input-files.xcfilelist",
			);
			name = "[CP] Embed Pods Frameworks";
			outputFileListPaths = (
				"${PODS_ROOT}/Target Support Files/Pods-GitHubApplicationTests/Pods-GitHubApplicationTests-frameworks-${CONFIGURATION}-output-files.xcfilelist",
			);
			runOnlyForDeploymentPostprocessing = 0;
			shellPath = /bin/sh;
			shellScript = "\"${PODS_ROOT}/Target Support Files/Pods-GitHubApplicationTests/Pods-GitHubApplicationTests-frameworks.sh\"\n";
			showEnvVarsInLog = 0;
		};
		BDEC5DF2B1F8DB0054A4FD80 /* [CP] Embed Pods Frameworks */ = {
			isa = PBXShellScriptBuildPhase;
			buildActionMask = 2147483647;
			files = (
			);
			inputFileListPaths = (
				"${PODS_ROOT}/Target Support Files/Pods-GitHubApplication/Pods-GitHubApplication-frameworks-${CONFIGURATION}-input-files.xcfilelist",
			);
			name = "[CP] Embed Pods Frameworks";
			outputFileListPaths = (
				"${PODS_ROOT}/Target Support Files/Pods-GitHubApplication/Pods-GitHubApplication-frameworks-${CONFIGURATION}-output-files.xcfilelist",
			);
			runOnlyForDeploymentPostprocessing = 0;
			shellPath = /bin/sh;
			shellScript = "\"${PODS_ROOT}/Target Support Files/Pods-GitHubApplication/Pods-GitHubApplication-frameworks.sh\"\n";
			showEnvVarsInLog = 0;
		};
		E046D3D3C1487E3D63177679 /* [CP] Check Pods Manifest.lock */ = {
			isa = PBXShellScriptBuildPhase;
			buildActionMask = 2147483647;
			files = (
			);
			inputFileListPaths = (
			);
			inputPaths = (
				"${PODS_PODFILE_DIR_PATH}/Podfile.lock",
				"${PODS_ROOT}/Manifest.lock",
			);
			name = "[CP] Check Pods Manifest.lock";
			outputFileListPaths = (
			);
			outputPaths = (
				"$(DERIVED_FILE_DIR)/Pods-GitHubApplication-checkManifestLockResult.txt",
			);
			runOnlyForDeploymentPostprocessing = 0;
			shellPath = /bin/sh;
			shellScript = "diff \"${PODS_PODFILE_DIR_PATH}/Podfile.lock\" \"${PODS_ROOT}/Manifest.lock\" > /dev/null\nif [ $? != 0 ] ; then\n    # print error to STDERR\n    echo \"error: The sandbox is not in sync with the Podfile.lock. Run 'pod install' or update your CocoaPods installation.\" >&2\n    exit 1\nfi\n# This output is used by Xcode 'outputs' to avoid re-running this script phase.\necho \"SUCCESS\" > \"${SCRIPT_OUTPUT_FILE_0}\"\n";
			showEnvVarsInLog = 0;
		};
/* End PBXShellScriptBuildPhase section */

/* Begin PBXSourcesBuildPhase section */
		9C8023542A8BFEAC003098DE /* Sources */ = {
			isa = PBXSourcesBuildPhase;
			buildActionMask = 2147483647;
			files = (
				9CD8799E2A8C014000394225 /* GFAlertContainerView.swift in Sources */,
				9CD879B12A8C016600394225 /* GFError.swift in Sources */,
				9CD879982A8C014000394225 /* GFAlertVC.swift in Sources */,
				9CD879962A8C014000394225 /* GFRepoItemVC.swift in Sources */,
				9CD8799C2A8C014000394225 /* GFButton.swift in Sources */,
				9CD879A32A8C014000394225 /* GFBodyLabel.swift in Sources */,
				9CD8799D2A8C014000394225 /* GFAvatarImageVIew.swift in Sources */,
				9CD8799B2A8C014000394225 /* GFTextField.swift in Sources */,
				9CD879A22A8C014000394225 /* GFTitleLabel.swift in Sources */,
				9C8023602A8BFEAC003098DE /* ViewController.swift in Sources */,
				9CD8799F2A8C014000394225 /* GFItemInfoView.swift in Sources */,
				9CD879972A8C014000394225 /* GFItemInfoVC.swift in Sources */,
				9CD879A92A8C015800394225 /* UITableViewExtension.swift in Sources */,
				9CD879AB2A8C015800394225 /* UIViewControllerExtensions.swift in Sources */,
				9CD879A12A8C014000394225 /* GFSecondaryTitleLabel.swift in Sources */,
				9CD879AC2A8C015800394225 /* DateExtension.swift in Sources */,
				9CD879A02A8C014000394225 /* GFEmptyStateView.swift in Sources */,
				9CD879992A8C014000394225 /* GFDataLoadingVC.swift in Sources */,
				9CD8799A2A8C014000394225 /* GFUserInfoHeaderVC.swift in Sources */,
				9C8023662A8BFEAC003098DE /* GitHubApplication.xcdatamodeld in Sources */,
				9C80235C2A8BFEAC003098DE /* AppDelegate.swift in Sources */,
				9CD879AA2A8C015800394225 /* UIViewExtension.swift in Sources */,
				9C80235E2A8BFEAC003098DE /* SceneDelegate.swift in Sources */,
				9CD879952A8C014000394225 /* GFFollowerItemVC.swift in Sources */,
				9CD879B02A8C016600394225 /* Constants.swift in Sources */,
			);
			runOnlyForDeploymentPostprocessing = 0;
		};
		9C80236D2A8BFEAC003098DE /* Sources */ = {
			isa = PBXSourcesBuildPhase;
			buildActionMask = 2147483647;
			files = (
				9C8023762A8BFEAC003098DE /* GitHubApplicationTests.swift in Sources */,
			);
			runOnlyForDeploymentPostprocessing = 0;
		};
		9C8023772A8BFEAD003098DE /* Sources */ = {
			isa = PBXSourcesBuildPhase;
			buildActionMask = 2147483647;
			files = (
				9C8023822A8BFEAD003098DE /* GitHubApplicationUITestsLaunchTests.swift in Sources */,
				9C8023802A8BFEAD003098DE /* GitHubApplicationUITests.swift in Sources */,
			);
			runOnlyForDeploymentPostprocessing = 0;
		};
/* End PBXSourcesBuildPhase section */

/* Begin PBXTargetDependency section */
		9C8023732A8BFEAC003098DE /* PBXTargetDependency */ = {
			isa = PBXTargetDependency;
			target = 9C8023572A8BFEAC003098DE /* GitHubApplication */;
			targetProxy = 9C8023722A8BFEAC003098DE /* PBXContainerItemProxy */;
		};
		9C80237D2A8BFEAD003098DE /* PBXTargetDependency */ = {
			isa = PBXTargetDependency;
			target = 9C8023572A8BFEAC003098DE /* GitHubApplication */;
			targetProxy = 9C80237C2A8BFEAD003098DE /* PBXContainerItemProxy */;
		};
/* End PBXTargetDependency section */

/* Begin PBXVariantGroup section */
		9C8023612A8BFEAC003098DE /* Main.storyboard */ = {
			isa = PBXVariantGroup;
			children = (
				9C8023622A8BFEAC003098DE /* Base */,
			);
			name = Main.storyboard;
			sourceTree = "<group>";
		};
		9C8023692A8BFEAC003098DE /* LaunchScreen.storyboard */ = {
			isa = PBXVariantGroup;
			children = (
				9C80236A2A8BFEAC003098DE /* Base */,
			);
			name = LaunchScreen.storyboard;
			sourceTree = "<group>";
		};
/* End PBXVariantGroup section */

/* Begin XCBuildConfiguration section */
		9C8023832A8BFEAD003098DE /* Debug */ = {
			isa = XCBuildConfiguration;
			buildSettings = {
				ALWAYS_SEARCH_USER_PATHS = NO;
				CLANG_ANALYZER_NONNULL = YES;
				CLANG_ANALYZER_NUMBER_OBJECT_CONVERSION = YES_AGGRESSIVE;
				CLANG_CXX_LANGUAGE_STANDARD = "gnu++20";
				CLANG_ENABLE_MODULES = YES;
				CLANG_ENABLE_OBJC_ARC = YES;
				CLANG_ENABLE_OBJC_WEAK = YES;
				CLANG_WARN_BLOCK_CAPTURE_AUTORELEASING = YES;
				CLANG_WARN_BOOL_CONVERSION = YES;
				CLANG_WARN_COMMA = YES;
				CLANG_WARN_CONSTANT_CONVERSION = YES;
				CLANG_WARN_DEPRECATED_OBJC_IMPLEMENTATIONS = YES;
				CLANG_WARN_DIRECT_OBJC_ISA_USAGE = YES_ERROR;
				CLANG_WARN_DOCUMENTATION_COMMENTS = YES;
				CLANG_WARN_EMPTY_BODY = YES;
				CLANG_WARN_ENUM_CONVERSION = YES;
				CLANG_WARN_INFINITE_RECURSION = YES;
				CLANG_WARN_INT_CONVERSION = YES;
				CLANG_WARN_NON_LITERAL_NULL_CONVERSION = YES;
				CLANG_WARN_OBJC_IMPLICIT_RETAIN_SELF = YES;
				CLANG_WARN_OBJC_LITERAL_CONVERSION = YES;
				CLANG_WARN_OBJC_ROOT_CLASS = YES_ERROR;
				CLANG_WARN_QUOTED_INCLUDE_IN_FRAMEWORK_HEADER = YES;
				CLANG_WARN_RANGE_LOOP_ANALYSIS = YES;
				CLANG_WARN_STRICT_PROTOTYPES = YES;
				CLANG_WARN_SUSPICIOUS_MOVE = YES;
				CLANG_WARN_UNGUARDED_AVAILABILITY = YES_AGGRESSIVE;
				CLANG_WARN_UNREACHABLE_CODE = YES;
				CLANG_WARN__DUPLICATE_METHOD_MATCH = YES;
				COPY_PHASE_STRIP = NO;
				DEBUG_INFORMATION_FORMAT = dwarf;
				ENABLE_STRICT_OBJC_MSGSEND = YES;
				ENABLE_TESTABILITY = YES;
				GCC_C_LANGUAGE_STANDARD = gnu11;
				GCC_DYNAMIC_NO_PIC = NO;
				GCC_NO_COMMON_BLOCKS = YES;
				GCC_OPTIMIZATION_LEVEL = 0;
				GCC_PREPROCESSOR_DEFINITIONS = (
					"DEBUG=1",
					"$(inherited)",
				);
				GCC_WARN_64_TO_32_BIT_CONVERSION = YES;
				GCC_WARN_ABOUT_RETURN_TYPE = YES_ERROR;
				GCC_WARN_UNDECLARED_SELECTOR = YES;
				GCC_WARN_UNINITIALIZED_AUTOS = YES_AGGRESSIVE;
				GCC_WARN_UNUSED_FUNCTION = YES;
				GCC_WARN_UNUSED_VARIABLE = YES;
				IPHONEOS_DEPLOYMENT_TARGET = 16.2;
				MTL_ENABLE_DEBUG_INFO = INCLUDE_SOURCE;
				MTL_FAST_MATH = YES;
				ONLY_ACTIVE_ARCH = YES;
				SDKROOT = iphoneos;
				SWIFT_ACTIVE_COMPILATION_CONDITIONS = DEBUG;
				SWIFT_OPTIMIZATION_LEVEL = "-Onone";
			};
			name = Debug;
		};
		9C8023842A8BFEAD003098DE /* Release */ = {
			isa = XCBuildConfiguration;
			buildSettings = {
				ALWAYS_SEARCH_USER_PATHS = NO;
				CLANG_ANALYZER_NONNULL = YES;
				CLANG_ANALYZER_NUMBER_OBJECT_CONVERSION = YES_AGGRESSIVE;
				CLANG_CXX_LANGUAGE_STANDARD = "gnu++20";
				CLANG_ENABLE_MODULES = YES;
				CLANG_ENABLE_OBJC_ARC = YES;
				CLANG_ENABLE_OBJC_WEAK = YES;
				CLANG_WARN_BLOCK_CAPTURE_AUTORELEASING = YES;
				CLANG_WARN_BOOL_CONVERSION = YES;
				CLANG_WARN_COMMA = YES;
				CLANG_WARN_CONSTANT_CONVERSION = YES;
				CLANG_WARN_DEPRECATED_OBJC_IMPLEMENTATIONS = YES;
				CLANG_WARN_DIRECT_OBJC_ISA_USAGE = YES_ERROR;
				CLANG_WARN_DOCUMENTATION_COMMENTS = YES;
				CLANG_WARN_EMPTY_BODY = YES;
				CLANG_WARN_ENUM_CONVERSION = YES;
				CLANG_WARN_INFINITE_RECURSION = YES;
				CLANG_WARN_INT_CONVERSION = YES;
				CLANG_WARN_NON_LITERAL_NULL_CONVERSION = YES;
				CLANG_WARN_OBJC_IMPLICIT_RETAIN_SELF = YES;
				CLANG_WARN_OBJC_LITERAL_CONVERSION = YES;
				CLANG_WARN_OBJC_ROOT_CLASS = YES_ERROR;
				CLANG_WARN_QUOTED_INCLUDE_IN_FRAMEWORK_HEADER = YES;
				CLANG_WARN_RANGE_LOOP_ANALYSIS = YES;
				CLANG_WARN_STRICT_PROTOTYPES = YES;
				CLANG_WARN_SUSPICIOUS_MOVE = YES;
				CLANG_WARN_UNGUARDED_AVAILABILITY = YES_AGGRESSIVE;
				CLANG_WARN_UNREACHABLE_CODE = YES;
				CLANG_WARN__DUPLICATE_METHOD_MATCH = YES;
				COPY_PHASE_STRIP = NO;
				DEBUG_INFORMATION_FORMAT = "dwarf-with-dsym";
				ENABLE_NS_ASSERTIONS = NO;
				ENABLE_STRICT_OBJC_MSGSEND = YES;
				GCC_C_LANGUAGE_STANDARD = gnu11;
				GCC_NO_COMMON_BLOCKS = YES;
				GCC_WARN_64_TO_32_BIT_CONVERSION = YES;
				GCC_WARN_ABOUT_RETURN_TYPE = YES_ERROR;
				GCC_WARN_UNDECLARED_SELECTOR = YES;
				GCC_WARN_UNINITIALIZED_AUTOS = YES_AGGRESSIVE;
				GCC_WARN_UNUSED_FUNCTION = YES;
				GCC_WARN_UNUSED_VARIABLE = YES;
				IPHONEOS_DEPLOYMENT_TARGET = 16.2;
				MTL_ENABLE_DEBUG_INFO = NO;
				MTL_FAST_MATH = YES;
				SDKROOT = iphoneos;
				SWIFT_COMPILATION_MODE = wholemodule;
				SWIFT_OPTIMIZATION_LEVEL = "-O";
				VALIDATE_PRODUCT = YES;
			};
			name = Release;
		};
		9C8023862A8BFEAD003098DE /* Debug */ = {
			isa = XCBuildConfiguration;
			baseConfigurationReference = 0E5E3E42B7ECA23F41033145 /* Pods-GitHubApplication.debug.xcconfig */;
			buildSettings = {
				ASSETCATALOG_COMPILER_APPICON_NAME = AppIcon;
				ASSETCATALOG_COMPILER_GLOBAL_ACCENT_COLOR_NAME = AccentColor;
				CODE_SIGN_STYLE = Automatic;
				CURRENT_PROJECT_VERSION = 1;
				DEVELOPMENT_TEAM = 72C5QHB786;
				GENERATE_INFOPLIST_FILE = YES;
				INFOPLIST_FILE = GitHubApplication/Support/Info.plist;
				INFOPLIST_KEY_UIApplicationSupportsIndirectInputEvents = YES;
				INFOPLIST_KEY_UILaunchStoryboardName = LaunchScreen;
				INFOPLIST_KEY_UIMainStoryboardFile = Main;
				INFOPLIST_KEY_UISupportedInterfaceOrientations = UIInterfaceOrientationPortrait;
				LD_RUNPATH_SEARCH_PATHS = (
					"$(inherited)",
					"@executable_path/Frameworks",
				);
				MARKETING_VERSION = 1.0;
				PRODUCT_BUNDLE_IDENTIFIER = bilalSalam.GitHubApplication;
				PRODUCT_NAME = "$(TARGET_NAME)";
				SWIFT_EMIT_LOC_STRINGS = YES;
				SWIFT_VERSION = 5.0;
				TARGETED_DEVICE_FAMILY = "1,2";
			};
			name = Debug;
		};
		9C8023872A8BFEAD003098DE /* Release */ = {
			isa = XCBuildConfiguration;
			baseConfigurationReference = F2B8AC6E653F42BF905FC960 /* Pods-GitHubApplication.release.xcconfig */;
			buildSettings = {
				ASSETCATALOG_COMPILER_APPICON_NAME = AppIcon;
				ASSETCATALOG_COMPILER_GLOBAL_ACCENT_COLOR_NAME = AccentColor;
				CODE_SIGN_STYLE = Automatic;
				CURRENT_PROJECT_VERSION = 1;
				DEVELOPMENT_TEAM = 72C5QHB786;
				GENERATE_INFOPLIST_FILE = YES;
				INFOPLIST_FILE = GitHubApplication/Support/Info.plist;
				INFOPLIST_KEY_UIApplicationSupportsIndirectInputEvents = YES;
				INFOPLIST_KEY_UILaunchStoryboardName = LaunchScreen;
				INFOPLIST_KEY_UIMainStoryboardFile = Main;
				INFOPLIST_KEY_UISupportedInterfaceOrientations = UIInterfaceOrientationPortrait;
				LD_RUNPATH_SEARCH_PATHS = (
					"$(inherited)",
					"@executable_path/Frameworks",
				);
				MARKETING_VERSION = 1.0;
				PRODUCT_BUNDLE_IDENTIFIER = bilalSalam.GitHubApplication;
				PRODUCT_NAME = "$(TARGET_NAME)";
				SWIFT_EMIT_LOC_STRINGS = YES;
				SWIFT_VERSION = 5.0;
				TARGETED_DEVICE_FAMILY = "1,2";
			};
			name = Release;
		};
		9C8023892A8BFEAD003098DE /* Debug */ = {
			isa = XCBuildConfiguration;
			baseConfigurationReference = 10F05ACCF2AD15B9322A575D /* Pods-GitHubApplicationTests.debug.xcconfig */;
			buildSettings = {
				ALWAYS_EMBED_SWIFT_STANDARD_LIBRARIES = YES;
				BUNDLE_LOADER = "$(TEST_HOST)";
				CODE_SIGN_STYLE = Automatic;
				CURRENT_PROJECT_VERSION = 1;
				DEVELOPMENT_TEAM = 72C5QHB786;
				GENERATE_INFOPLIST_FILE = YES;
				IPHONEOS_DEPLOYMENT_TARGET = 16.2;
				MARKETING_VERSION = 1.0;
				PRODUCT_BUNDLE_IDENTIFIER = bilalSalam.GitHubApplicationTests;
				PRODUCT_NAME = "$(TARGET_NAME)";
				SWIFT_EMIT_LOC_STRINGS = NO;
				SWIFT_VERSION = 5.0;
				TARGETED_DEVICE_FAMILY = "1,2";
				TEST_HOST = "$(BUILT_PRODUCTS_DIR)/GitHubApplication.app/$(BUNDLE_EXECUTABLE_FOLDER_PATH)/GitHubApplication";
			};
			name = Debug;
		};
		9C80238A2A8BFEAD003098DE /* Release */ = {
			isa = XCBuildConfiguration;
			baseConfigurationReference = 01FA9F726A0DD87E7B3BDC32 /* Pods-GitHubApplicationTests.release.xcconfig */;
			buildSettings = {
				ALWAYS_EMBED_SWIFT_STANDARD_LIBRARIES = YES;
				BUNDLE_LOADER = "$(TEST_HOST)";
				CODE_SIGN_STYLE = Automatic;
				CURRENT_PROJECT_VERSION = 1;
				DEVELOPMENT_TEAM = 72C5QHB786;
				GENERATE_INFOPLIST_FILE = YES;
				IPHONEOS_DEPLOYMENT_TARGET = 16.2;
				MARKETING_VERSION = 1.0;
				PRODUCT_BUNDLE_IDENTIFIER = bilalSalam.GitHubApplicationTests;
				PRODUCT_NAME = "$(TARGET_NAME)";
				SWIFT_EMIT_LOC_STRINGS = NO;
				SWIFT_VERSION = 5.0;
				TARGETED_DEVICE_FAMILY = "1,2";
				TEST_HOST = "$(BUILT_PRODUCTS_DIR)/GitHubApplication.app/$(BUNDLE_EXECUTABLE_FOLDER_PATH)/GitHubApplication";
			};
			name = Release;
		};
		9C80238C2A8BFEAD003098DE /* Debug */ = {
			isa = XCBuildConfiguration;
			buildSettings = {
				ALWAYS_EMBED_SWIFT_STANDARD_LIBRARIES = YES;
				CODE_SIGN_STYLE = Automatic;
				CURRENT_PROJECT_VERSION = 1;
				DEVELOPMENT_TEAM = 72C5QHB786;
				GENERATE_INFOPLIST_FILE = YES;
				MARKETING_VERSION = 1.0;
				PRODUCT_BUNDLE_IDENTIFIER = bilalSalam.GitHubApplicationUITests;
				PRODUCT_NAME = "$(TARGET_NAME)";
				SWIFT_EMIT_LOC_STRINGS = NO;
				SWIFT_VERSION = 5.0;
				TARGETED_DEVICE_FAMILY = "1,2";
				TEST_TARGET_NAME = GitHubApplication;
			};
			name = Debug;
		};
		9C80238D2A8BFEAD003098DE /* Release */ = {
			isa = XCBuildConfiguration;
			buildSettings = {
				ALWAYS_EMBED_SWIFT_STANDARD_LIBRARIES = YES;
				CODE_SIGN_STYLE = Automatic;
				CURRENT_PROJECT_VERSION = 1;
				DEVELOPMENT_TEAM = 72C5QHB786;
				GENERATE_INFOPLIST_FILE = YES;
				MARKETING_VERSION = 1.0;
				PRODUCT_BUNDLE_IDENTIFIER = bilalSalam.GitHubApplicationUITests;
				PRODUCT_NAME = "$(TARGET_NAME)";
				SWIFT_EMIT_LOC_STRINGS = NO;
				SWIFT_VERSION = 5.0;
				TARGETED_DEVICE_FAMILY = "1,2";
				TEST_TARGET_NAME = GitHubApplication;
			};
			name = Release;
		};
/* End XCBuildConfiguration section */

/* Begin XCConfigurationList section */
		9C8023532A8BFEAC003098DE /* Build configuration list for PBXProject "GitHubApplication" */ = {
			isa = XCConfigurationList;
			buildConfigurations = (
				9C8023832A8BFEAD003098DE /* Debug */,
				9C8023842A8BFEAD003098DE /* Release */,
			);
			defaultConfigurationIsVisible = 0;
			defaultConfigurationName = Release;
		};
		9C8023852A8BFEAD003098DE /* Build configuration list for PBXNativeTarget "GitHubApplication" */ = {
			isa = XCConfigurationList;
			buildConfigurations = (
				9C8023862A8BFEAD003098DE /* Debug */,
				9C8023872A8BFEAD003098DE /* Release */,
			);
			defaultConfigurationIsVisible = 0;
			defaultConfigurationName = Release;
		};
		9C8023882A8BFEAD003098DE /* Build configuration list for PBXNativeTarget "GitHubApplicationTests" */ = {
			isa = XCConfigurationList;
			buildConfigurations = (
				9C8023892A8BFEAD003098DE /* Debug */,
				9C80238A2A8BFEAD003098DE /* Release */,
			);
			defaultConfigurationIsVisible = 0;
			defaultConfigurationName = Release;
		};
		9C80238B2A8BFEAD003098DE /* Build configuration list for PBXNativeTarget "GitHubApplicationUITests" */ = {
			isa = XCConfigurationList;
			buildConfigurations = (
				9C80238C2A8BFEAD003098DE /* Debug */,
				9C80238D2A8BFEAD003098DE /* Release */,
			);
			defaultConfigurationIsVisible = 0;
			defaultConfigurationName = Release;
		};
/* End XCConfigurationList section */

/* Begin XCVersionGroup section */
		9C8023642A8BFEAC003098DE /* GitHubApplication.xcdatamodeld */ = {
			isa = XCVersionGroup;
			children = (
				9C8023652A8BFEAC003098DE /* GitHubApplication.xcdatamodel */,
			);
			currentVersion = 9C8023652A8BFEAC003098DE /* GitHubApplication.xcdatamodel */;
			path = GitHubApplication.xcdatamodeld;
			sourceTree = "<group>";
			versionGroupType = wrapper.xcdatamodel;
		};
/* End XCVersionGroup section */
	};
	rootObject = 9C8023502A8BFEAC003098DE /* Project object */;
}
